
Microsoft Visual Studio Solution File, Format Version 12.00
# Visual Studio Version 17
VisualStudioVersion = 17.10.34825.169
MinimumVisualStudioVersion = 10.0.40219.1
Project("{FAE04EC0-301F-11D3-BF4B-00C04F79EFBC}") = "FF16Converter", "FF16Converter.csproj", "{0CE6FA9B-4B2A-49AA-BF1D-D5D6D7D44E66}"
EndProject
Global
	GlobalSection(SolutionConfigurationPlatforms) = preSolution
		Debug|Any CPU = Debug|Any CPU
		Release|Any CPU = Release|Any CPU
	EndGlobalSection
	GlobalSection(ProjectConfigurationPlatforms) = postSolution
		{0CE6FA9B-4B2A-49AA-BF1D-D5D6D7D44E66}.Debug|Any CPU.ActiveCfg = Debug|Any CPU
		{0CE6FA9B-4B2A-49AA-BF1D-D5D6D7D44E66}.Debug|Any CPU.Build.0 = Debug|Any CPU
		{0CE6FA9B-4B2A-49AA-BF1D-D5D6D7D44E66}.Release|Any CPU.ActiveCfg = Release|Any CPU
		{0CE6FA9B-4B2A-49AA-BF1D-D5D6D7D44E66}.Release|Any CPU.Build.0 = Release|Any CPU
	EndGlobalSection
	GlobalSection(SolutionProperties) = preSolution
		HideSolutionNode = FALSE
	EndGlobalSection
	GlobalSection(ExtensibilityGlobals) = postSolution
		SolutionGuid = {E923EC45-FA3E-45E4-9299-54471D9F58BB}
	EndGlobalSection
EndGlobal
